// !$*UTF8*$!
{
	archiveVersion = 1;
	classes = {
	};
	objectVersion = 46;
	objects = {

/* Begin PBXBuildFile section */
		B608AF511D42A68500C6B8EB /* main.m in Sources */ = {isa = PBXBuildFile; fileRef = B608AF501D42A68500C6B8EB /* main.m */; };
		B608AF541D42A68500C6B8EB /* AppDelegate.m in Sources */ = {isa = PBXBuildFile; fileRef = B608AF531D42A68500C6B8EB /* AppDelegate.m */; };
		B608AF571D42A68500C6B8EB /* ViewController.m in Sources */ = {isa = PBXBuildFile; fileRef = B608AF561D42A68500C6B8EB /* ViewController.m */; };
		B608AF5A1D42A68500C6B8EB /* Main.storyboard in Resources */ = {isa = PBXBuildFile; fileRef = B608AF581D42A68500C6B8EB /* Main.storyboard */; };
		B608AF5F1D42A68500C6B8EB /* LaunchScreen.storyboard in Resources */ = {isa = PBXBuildFile; fileRef = B608AF5D1D42A68500C6B8EB /* LaunchScreen.storyboard */; };
		B608AF671D42A74800C6B8EB /* MapKit.framework in Frameworks */ = {isa = PBXBuildFile; fileRef = B608AF661D42A74800C6B8EB /* MapKit.framework */; };
		B608AF691D42A9DB00C6B8EB /* Images.xcassets in Resources */ = {isa = PBXBuildFile; fileRef = B608AF681D42A9DB00C6B8EB /* Images.xcassets */; };
/* End PBXBuildFile section */

/* Begin PBXFileReference section */
		B608AF4C1D42A68500C6B8EB /* ReverseGeoCode.app */ = {isa = PBXFileReference; explicitFileType = wrapper.application; includeInIndex = 0; path = ReverseGeoCode.app; sourceTree = BUILT_PRODUCTS_DIR; };
		B608AF501D42A68500C6B8EB /* main.m */ = {isa = PBXFileReference; lastKnownFileType = sourcecode.c.objc; path = main.m; sourceTree = "<group>"; };
		B608AF521D42A68500C6B8EB /* AppDelegate.h */ = {isa = PBXFileReference; lastKnownFileType = sourcecode.c.h; path = AppDelegate.h; sourceTree = "<group>"; };
		B608AF531D42A68500C6B8EB /* AppDelegate.m */ = {isa = PBXFileReference; lastKnownFileType = sourcecode.c.objc; path = AppDelegate.m; sourceTree = "<group>"; };
		B608AF551D42A68500C6B8EB /* ViewController.h */ = {isa = PBXFileReference; lastKnownFileType = sourcecode.c.h; path = ViewController.h; sourceTree = "<group>"; };
		B608AF561D42A68500C6B8EB /* ViewController.m */ = {isa = PBXFileReference; lastKnownFileType = sourcecode.c.objc; path = ViewController.m; sourceTree = "<group>"; };
		B608AF591D42A68500C6B8EB /* Base */ = {isa = PBXFileReference; lastKnownFileType = file.storyboard; name = Base; path = Base.lproj/Main.storyboard; sourceTree = "<group>"; };
		B608AF5E1D42A68500C6B8EB /* Base */ = {isa = PBXFileReference; lastKnownFileType = file.storyboard; name = Base; path = Base.lproj/LaunchScreen.storyboard; sourceTree = "<group>"; };
		B608AF601D42A68500C6B8EB /* Info.plist */ = {isa = PBXFileReference; lastKnownFileType = text.plist.xml; path = Info.plist; sourceTree = "<group>"; };
		B608AF661D42A74800C6B8EB /* MapKit.framework */ = {isa = PBXFileReference; lastKnownFileType = wrapper.framework; name = MapKit.framework; path = System/Library/Frameworks/MapKit.framework; sourceTree = SDKROOT; };
		B608AF681D42A9DB00C6B8EB /* Images.xcassets */ = {isa = PBXFileReference; lastKnownFileType = folder.assetcatalog; path = Images.xcassets; sourceTree = "<group>"; };
/* End PBXFileReference section */

/* Begin PBXFrameworksBuildPhase section */
		B608AF491D42A68500C6B8EB /* Frameworks */ = {
			isa = PBXFrameworksBuildPhase;
			buildActionMask = 2147483647;
			files = (
				B608AF671D42A74800C6B8EB /* MapKit.framework in Frameworks */,
			);
			runOnlyForDeploymentPostprocessing = 0;
		};
/* End PBXFrameworksBuildPhase section */

/* Begin PBXGroup section */
		B608AF431D42A68400C6B8EB = {
			isa = PBXGroup;
			children = (
				B608AF661D42A74800C6B8EB /* MapKit.framework */,
				B608AF4E1D42A68500C6B8EB /* ReverseGeoCode */,
				B608AF4D1D42A68500C6B8EB /* Products */,
			);
			sourceTree = "<group>";
		};
		B608AF4D1D42A68500C6B8EB /* Products */ = {
			isa = PBXGroup;
			children = (
				B608AF4C1D42A68500C6B8EB /* ReverseGeoCode.app */,
			);
			name = Products;
			sourceTree = "<group>";
		};
		B608AF4E1D42A68500C6B8EB /* ReverseGeoCode */ = {
			isa = PBXGroup;
			children = (
				B608AF521D42A68500C6B8EB /* AppDelegate.h */,
				B608AF531D42A68500C6B8EB /* AppDelegate.m */,
				B608AF551D42A68500C6B8EB /* ViewController.h */,
				B608AF561D42A68500C6B8EB /* ViewController.m */,
				B608AF581D42A68500C6B8EB /* Main.storyboard */,
				B608AF5D1D42A68500C6B8EB /* LaunchScreen.storyboard */,
				B608AF601D42A68500C6B8EB /* Info.plist */,
				B608AF681D42A9DB00C6B8EB /* Images.xcassets */,
				B608AF4F1D42A68500C6B8EB /* Supporting Files */,
			);
			path = ReverseGeoCode;
			sourceTree = "<group>";
		};
		B608AF4F1D42A68500C6B8EB /* Supporting Files */ = {
			isa = PBXGroup;
			children = (
				B608AF501D42A68500C6B8EB /* main.m */,
			);
			name = "Supporting Files";
			sourceTree = "<group>";
		};
/* End PBXGroup section */

/* Begin PBXNativeTarget section */
		B608AF4B1D42A68500C6B8EB /* ReverseGeoCode */ = {
			isa = PBXNativeTarget;
			buildConfigurationList = B608AF631D42A68500C6B8EB /* Build configuration list for PBXNativeTarget "ReverseGeoCode" */;
			buildPhases = (
				B608AF481D42A68500C6B8EB /* Sources */,
				B608AF491D42A68500C6B8EB /* Frameworks */,
				B608AF4A1D42A68500C6B8EB /* Resources */,
			);
			buildRules = (
			);
			dependencies = (
			);
			name = ReverseGeoCode;
			productName = ReverseGeoCode;
			productReference = B608AF4C1D42A68500C6B8EB /* ReverseGeoCode.app */;
			productType = "com.apple.product-type.application";
		};
/* End PBXNativeTarget section */

/* Begin PBXProject section */
		B608AF441D42A68400C6B8EB /* Project object */ = {
			isa = PBXProject;
			attributes = {
				LastUpgradeCheck = 0730;
				ORGANIZATIONNAME = "Priyanshu Bhatnagar";
				TargetAttributes = {
					B608AF4B1D42A68500C6B8EB = {
						CreatedOnToolsVersion = 7.3.1;
					};
				};
			};
			buildConfigurationList = B608AF471D42A68400C6B8EB /* Build configuration list for PBXProject "ReverseGeoCode" */;
			compatibilityVersion = "Xcode 3.2";
			developmentRegion = English;
			hasScannedForEncodings = 0;
			knownRegions = (
				en,
				Base,
			);
			mainGroup = B608AF431D42A68400C6B8EB;
			productRefGroup = B608AF4D1D42A68500C6B8EB /* Products */;
			projectDirPath = "";
			projectRoot = "";
			targets = (
				B608AF4B1D42A68500C6B8EB /* ReverseGeoCode */,
			);
		};
/* End PBXProject section */

/* Begin PBXResourcesBuildPhase section */
		B608AF4A1D42A68500C6B8EB /* Resources */ = {
			isa = PBXResourcesBuildPhase;
			buildActionMask = 2147483647;
			files = (
				B608AF691D42A9DB00C6B8EB /* Images.xcassets in Resources */,
				B608AF5F1D42A68500C6B8EB /* LaunchScreen.storyboard in Resources */,
				B608AF5A1D42A68500C6B8EB /* Main.storyboard in Resources */,
			);
			runOnlyForDeploymentPostprocessing = 0;
		};
/* End PBXResourcesBuildPhase section */

/* Begin PBXSourcesBuildPhase section */
		B608AF481D42A68500C6B8EB /* Sources */ = {
			isa = PBXSourcesBuildPhase;
			buildActionMask = 2147483647;
			files = (
				B608AF571D42A68500C6B8EB /* ViewController.m in Sources */,
				B608AF541D42A68500C6B8EB /* AppDelegate.m in Sources */,
				B608AF511D42A68500C6B8EB /* main.m in Sources */,
			);
			runOnlyForDeploymentPostprocessing = 0;
		};
/* End PBXSourcesBuildPhase section */

/* Begin PBXVariantGroup section */
		B608AF581D42A68500C6B8EB /* Main.storyboard */ = {
			isa = PBXVariantGroup;
			children = (
				B608AF591D42A68500C6B8EB /* Base */,
			);
			name = Main.storyboard;
			sourceTree = "<group>";
		};
		B608AF5D1D42A68500C6B8EB /* LaunchScreen.storyboard */ = {
			isa = PBXVariantGroup;
			children = (
				B608AF5E1D42A68500C6B8EB /* Base */,
			);
			name = LaunchScreen.storyboard;
			sourceTree = "<group>";
		};
/* End PBXVariantGroup section */

/* Begin XCBuildConfiguration section */
		B608AF611D42A68500C6B8EB /* Debug */ = {
			isa = XCBuildConfiguration;
			buildSettings = {
				ALWAYS_SEARCH_USER_PATHS = NO;
				CLANG_ANALYZER_NONNULL = YES;
				CLANG_CXX_LANGUAGE_STANDARD = "gnu++0x";
				CLANG_CXX_LIBRARY = "libc++";
				CLANG_ENABLE_MODULES = YES;
				CLANG_ENABLE_OBJC_ARC = YES;
				CLANG_WARN_BOOL_CONVERSION = YES;
				CLANG_WARN_CONSTANT_CONVERSION = YES;
				CLANG_WARN_DIRECT_OBJC_ISA_USAGE = YES_ERROR;
				CLANG_WARN_EMPTY_BODY = YES;
				CLANG_WARN_ENUM_CONVERSION = YES;
				CLANG_WARN_INT_CONVERSION = YES;
				CLANG_WARN_OBJC_ROOT_CLASS = YES_ERROR;
				CLANG_WARN_UNREACHABLE_CODE = YES;
				CLANG_WARN__DUPLICATE_METHOD_MATCH = YES;
				"CODE_SIGN_IDENTITY[sdk=iphoneos*]" = "iPhone Developer";
				COPY_PHASE_STRIP = NO;
				DEBUG_INFORMATION_FORMAT = dwarf;
				ENABLE_STRICT_OBJC_MSGSEND = YES;
				ENABLE_TESTABILITY = YES;
				GCC_C_LANGUAGE_STANDARD = gnu99;
				GCC_DYNAMIC_NO_PIC = NO;
				GCC_NO_COMMON_BLOCKS = YES;
				GCC_OPTIMIZATION_LEVEL = 0;
				GCC_PREPROCESSOR_DEFINITIONS = (
					"DEBUG=1",
					"$(inherited)",
				);
				GCC_WARN_64_TO_32_BIT_CONVERSION = YES;
				GCC_WARN_ABOUT_RETURN_TYPE = YES_ERROR;
				GCC_WARN_UNDECLARED_SELECTOR = YES;
				GCC_WARN_UNINITIALIZED_AUTOS = YES_AGGRESSIVE;
				GCC_WARN_UNUSED_FUNCTION = YES;
				GCC_WARN_UNUSED_VARIABLE = YES;
				IPHONEOS_DEPLOYMENT_TARGET = 9.3;
				MTL_ENABLE_DEBUG_INFO = YES;
				ONLY_ACTIVE_ARCH = YES;
				SDKROOT = iphoneos;
				TARGETED_DEVICE_FAMILY = "1,2";
			};
			name = Debug;
		};
		B608AF621D42A68500C6B8EB /* Release */ = {
			isa = XCBuildConfiguration;
			buildSettings = {
				ALWAYS_SEARCH_USER_PATHS = NO;
				CLANG_ANALYZER_NONNULL = YES;
				CLANG_CXX_LANGUAGE_STANDARD = "gnu++0x";
				CLANG_CXX_LIBRARY = "libc++";
				CLANG_ENABLE_MODULES = YES;
				CLANG_ENABLE_OBJC_ARC = YES;
				CLANG_WARN_BOOL_CONVERSION = YES;
				CLANG_WARN_CONSTANT_CONVERSION = YES;
				CLANG_WARN_DIRECT_OBJC_ISA_USAGE = YES_ERROR;
				CLANG_WARN_EMPTY_BODY = YES;
				CLANG_WARN_ENUM_CONVERSION = YES;
				CLANG_WARN_INT_CONVERSION = YES;
				CLANG_WARN_OBJC_ROOT_CLASS = YES_ERROR;
				CLANG_WARN_UNREACHABLE_CODE = YES;
				CLANG_WARN__DUPLICATE_METHOD_MATCH = YES;
				"CODE_SIGN_IDENTITY[sdk=iphoneos*]" = "iPhone Developer";
				COPY_PHASE_STRIP = NO;
				DEBUG_INFORMATION_FORMAT = "dwarf-with-dsym";
				ENABLE_NS_ASSERTIONS = NO;
				ENABLE_STRICT_OBJC_MSGSEND = YES;
				GCC_C_LANGUAGE_STANDARD = gnu99;
				GCC_NO_COMMON_BLOCKS = YES;
				GCC_WARN_64_TO_32_BIT_CONVERSION = YES;
				GCC_WARN_ABOUT_RETURN_TYPE = YES_ERROR;
				GCC_WARN_UNDECLARED_SELECTOR = YES;
				GCC_WARN_UNINITIALIZED_AUTOS = YES_AGGRESSIVE;
				GCC_WARN_UNUSED_FUNCTION = YES;
				GCC_WARN_UNUSED_VARIABLE = YES;
				IPHONEOS_DEPLOYMENT_TARGET = 9.3;
				MTL_ENABLE_DEBUG_INFO = NO;
				SDKROOT = iphoneos;
				TARGETED_DEVICE_FAMILY = "1,2";
				VALIDATE_PRODUCT = YES;
			};
			name = Release;
		};
		B608AF641D42A68500C6B8EB /* Debug */ = {
			isa = XCBuildConfiguration;
			buildSettings = {
				ASSETCATALOG_COMPILER_APPICON_NAME = AppIcon;
				ASSETCATALOG_COMPILER_LAUNCHIMAGE_NAME = "Brand Assets";
				INFOPLIST_FILE = ReverseGeoCode/Info.plist;
				LD_RUNPATH_SEARCH_PATHS = "$(inherited) @executable_path/Frameworks";
				PRODUCT_BUNDLE_IDENTIFIER = com.priyanshubhatnagar.ReverseGeoCode;
				PRODUCT_NAME = "$(TARGET_NAME)";
			};
			name = Debug;
		};
		B608AF651D42A68500C6B8EB /* Release */ = {
			isa = XCBuildConfiguration;
			buildSettings = {
				ASSETCATALOG_COMPILER_APPICON_NAME = AppIcon;
				ASSETCATALOG_COMPILER_LAUNCHIMAGE_NAME = "Brand Assets";
				INFOPLIST_FILE = ReverseGeoCode/Info.plist;
				LD_RUNPATH_SEARCH_PATHS = "$(inherited) @executable_path/Frameworks";
				PRODUCT_BUNDLE_IDENTIFIER = com.priyanshubhatnagar.ReverseGeoCode;
				PRODUCT_NAME = "$(TARGET_NAME)";
			};
			name = Release;
		};
/* End XCBuildConfiguration section */

/* Begin XCConfigurationList section */
		B608AF471D42A68400C6B8EB /* Build configuration list for PBXProject "ReverseGeoCode" */ = {
			isa = XCConfigurationList;
			buildConfigurations = (
				B608AF611D42A68500C6B8EB /* Debug */,
				B608AF621D42A68500C6B8EB /* Release */,
			);
			defaultConfigurationIsVisible = 0;
			defaultConfigurationName = Release;
		};
		B608AF631D42A68500C6B8EB /* Build configuration list for PBXNativeTarget "ReverseGeoCode" */ = {
			isa = XCConfigurationList;
			buildConfigurations = (
				B608AF641D42A68500C6B8EB /* Debug */,
				B608AF651D42A68500C6B8EB /* Release */,
			);
			defaultConfigurationIsVisible = 0;
		};
/* End XCConfigurationList section */
	};
	rootObject = B608AF441D42A68400C6B8EB /* Project object */;
}
